
Microsoft Visual Studio Solution File, Format Version 12.00
# Visual Studio Version 17
VisualStudioVersion = 17.7.34221.43
MinimumVisualStudioVersion = 10.0.40219.1
Project("{9A19103F-16F7-4668-BE54-9A1E7A4F7556}") = "Kaosearch", "Kaosearch.csproj", "{1A4B4FDD-971B-482D-B3EB-ACDE61D06583}"
EndProject
Global
	GlobalSection(SolutionConfigurationPlatforms) = preSolution
		Debug|Any CPU = Debug|Any CPU
		Release|Any CPU = Release|Any CPU
	EndGlobalSection
	GlobalSection(ProjectConfigurationPlatforms) = postSolution
		{1A4B4FDD-971B-482D-B3EB-ACDE61D06583}.Debug|Any CPU.ActiveCfg = Debug|Any CPU
		{1A4B4FDD-971B-482D-B3EB-ACDE61D06583}.Debug|Any CPU.Build.0 = Debug|Any CPU
		{1A4B4FDD-971B-482D-B3EB-ACDE61D06583}.Release|Any CPU.ActiveCfg = Release|Any CPU
		{1A4B4FDD-971B-482D-B3EB-ACDE61D06583}.Release|Any CPU.Build.0 = Release|Any CPU
	EndGlobalSection
	GlobalSection(SolutionProperties) = preSolution
		HideSolutionNode = FALSE
	EndGlobalSection
	GlobalSection(ExtensibilityGlobals) = postSolution
		SolutionGuid = {F7947F6F-EECC-4BC5-BFE4-71E8089F6541}
	EndGlobalSection
EndGlobal
